// !$*UTF8*$!
{
	archiveVersion = 1;
	classes = {
	};
	objectVersion = 46;
	objects = {

/* Begin PBXBuildFile section */
		54FF24A81AF2DFDD00C4E67E /* main.m in Sources */ = {isa = PBXBuildFile; fileRef = 54FF24A71AF2DFDD00C4E67E /* main.m */; };
		54FF24AB1AF2DFDD00C4E67E /* AppDelegate.m in Sources */ = {isa = PBXBuildFile; fileRef = 54FF24AA1AF2DFDD00C4E67E /* AppDelegate.m */; };
		54FF24B11AF2DFDD00C4E67E /* Main.storyboard in Resources */ = {isa = PBXBuildFile; fileRef = 54FF24AF1AF2DFDD00C4E67E /* Main.storyboard */; };
		54FF24B31AF2DFDD00C4E67E /* Images.xcassets in Resources */ = {isa = PBXBuildFile; fileRef = 54FF24B21AF2DFDD00C4E67E /* Images.xcassets */; };
		54FF24B61AF2DFDD00C4E67E /* LaunchScreen.xib in Resources */ = {isa = PBXBuildFile; fileRef = 54FF24B41AF2DFDD00C4E67E /* LaunchScreen.xib */; };
		54FF24C21AF2DFDD00C4E67E /* StatefulTableViewDemoTests.m in Sources */ = {isa = PBXBuildFile; fileRef = 54FF24C11AF2DFDD00C4E67E /* StatefulTableViewDemoTests.m */; };
		54FF24CE1AF2E03C00C4E67E /* RBStatefulTableViewController.m in Sources */ = {isa = PBXBuildFile; fileRef = 54FF24CD1AF2E03C00C4E67E /* RBStatefulTableViewController.m */; };
		54FF24D11AF2E07900C4E67E /* RBTableViewState.m in Sources */ = {isa = PBXBuildFile; fileRef = 54FF24D01AF2E07900C4E67E /* RBTableViewState.m */; };
		54FF24D41AF2E2AD00C4E67E /* StateDemoTableViewController.m in Sources */ = {isa = PBXBuildFile; fileRef = 54FF24D31AF2E2AD00C4E67E /* StateDemoTableViewController.m */; };
		54FF24D71AF2E43D00C4E67E /* EmptyState.m in Sources */ = {isa = PBXBuildFile; fileRef = 54FF24D61AF2E43D00C4E67E /* EmptyState.m */; };
		54FF24DA1AF2E6A100C4E67E /* LoadingState.m in Sources */ = {isa = PBXBuildFile; fileRef = 54FF24D91AF2E6A100C4E67E /* LoadingState.m */; };
		54FF24DD1AF2FA6A00C4E67E /* PopulatedState.m in Sources */ = {isa = PBXBuildFile; fileRef = 54FF24DC1AF2FA6A00C4E67E /* PopulatedState.m */; };
		54FF24E01AF2FF1000C4E67E /* ComicData.m in Sources */ = {isa = PBXBuildFile; fileRef = 54FF24DF1AF2FF1000C4E67E /* ComicData.m */; };
		54FF24E21AF2FF5E00C4E67E /* civilwarData.json in Resources */ = {isa = PBXBuildFile; fileRef = 54FF24E11AF2FF5E00C4E67E /* civilwarData.json */; };
		54FF24E51AF3F93D00C4E67E /* ComicViewController.m in Sources */ = {isa = PBXBuildFile; fileRef = 54FF24E41AF3F93D00C4E67E /* ComicViewController.m */; };
/* End PBXBuildFile section */

/* Begin PBXContainerItemProxy section */
		54FF24BC1AF2DFDD00C4E67E /* PBXContainerItemProxy */ = {
			isa = PBXContainerItemProxy;
			containerPortal = 54FF249A1AF2DFDD00C4E67E /* Project object */;
			proxyType = 1;
			remoteGlobalIDString = 54FF24A11AF2DFDD00C4E67E;
			remoteInfo = StatefulTableViewDemo;
		};
/* End PBXContainerItemProxy section */

/* Begin PBXFileReference section */
		54FF24A21AF2DFDD00C4E67E /* StatefulTableViewDemo.app */ = {isa = PBXFileReference; explicitFileType = wrapper.application; includeInIndex = 0; path = StatefulTableViewDemo.app; sourceTree = BUILT_PRODUCTS_DIR; };
		54FF24A61AF2DFDD00C4E67E /* Info.plist */ = {isa = PBXFileReference; lastKnownFileType = text.plist.xml; path = Info.plist; sourceTree = "<group>"; };
		54FF24A71AF2DFDD00C4E67E /* main.m */ = {isa = PBXFileReference; lastKnownFileType = sourcecode.c.objc; path = main.m; sourceTree = "<group>"; };
		54FF24A91AF2DFDD00C4E67E /* AppDelegate.h */ = {isa = PBXFileReference; lastKnownFileType = sourcecode.c.h; path = AppDelegate.h; sourceTree = "<group>"; };
		54FF24AA1AF2DFDD00C4E67E /* AppDelegate.m */ = {isa = PBXFileReference; lastKnownFileType = sourcecode.c.objc; path = AppDelegate.m; sourceTree = "<group>"; };
		54FF24B01AF2DFDD00C4E67E /* Base */ = {isa = PBXFileReference; lastKnownFileType = file.storyboard; name = Base; path = Base.lproj/Main.storyboard; sourceTree = "<group>"; };
		54FF24B21AF2DFDD00C4E67E /* Images.xcassets */ = {isa = PBXFileReference; lastKnownFileType = folder.assetcatalog; path = Images.xcassets; sourceTree = "<group>"; };
		54FF24B51AF2DFDD00C4E67E /* Base */ = {isa = PBXFileReference; lastKnownFileType = file.xib; name = Base; path = Base.lproj/LaunchScreen.xib; sourceTree = "<group>"; };
		54FF24BB1AF2DFDD00C4E67E /* StatefulTableViewDemoTests.xctest */ = {isa = PBXFileReference; explicitFileType = wrapper.cfbundle; includeInIndex = 0; path = StatefulTableViewDemoTests.xctest; sourceTree = BUILT_PRODUCTS_DIR; };
		54FF24C01AF2DFDD00C4E67E /* Info.plist */ = {isa = PBXFileReference; lastKnownFileType = text.plist.xml; path = Info.plist; sourceTree = "<group>"; };
		54FF24C11AF2DFDD00C4E67E /* StatefulTableViewDemoTests.m */ = {isa = PBXFileReference; lastKnownFileType = sourcecode.c.objc; path = StatefulTableViewDemoTests.m; sourceTree = "<group>"; };
		54FF24CC1AF2E03C00C4E67E /* RBStatefulTableViewController.h */ = {isa = PBXFileReference; fileEncoding = 4; lastKnownFileType = sourcecode.c.h; path = RBStatefulTableViewController.h; sourceTree = "<group>"; };
		54FF24CD1AF2E03C00C4E67E /* RBStatefulTableViewController.m */ = {isa = PBXFileReference; fileEncoding = 4; lastKnownFileType = sourcecode.c.objc; path = RBStatefulTableViewController.m; sourceTree = "<group>"; };
		54FF24CF1AF2E07900C4E67E /* RBTableViewState.h */ = {isa = PBXFileReference; fileEncoding = 4; lastKnownFileType = sourcecode.c.h; path = RBTableViewState.h; sourceTree = "<group>"; };
		54FF24D01AF2E07900C4E67E /* RBTableViewState.m */ = {isa = PBXFileReference; fileEncoding = 4; lastKnownFileType = sourcecode.c.objc; path = RBTableViewState.m; sourceTree = "<group>"; };
		54FF24D21AF2E2AD00C4E67E /* StateDemoTableViewController.h */ = {isa = PBXFileReference; fileEncoding = 4; lastKnownFileType = sourcecode.c.h; path = StateDemoTableViewController.h; sourceTree = "<group>"; };
		54FF24D31AF2E2AD00C4E67E /* StateDemoTableViewController.m */ = {isa = PBXFileReference; fileEncoding = 4; lastKnownFileType = sourcecode.c.objc; path = StateDemoTableViewController.m; sourceTree = "<group>"; };
		54FF24D51AF2E43D00C4E67E /* EmptyState.h */ = {isa = PBXFileReference; fileEncoding = 4; lastKnownFileType = sourcecode.c.h; path = EmptyState.h; sourceTree = "<group>"; };
		54FF24D61AF2E43D00C4E67E /* EmptyState.m */ = {isa = PBXFileReference; fileEncoding = 4; lastKnownFileType = sourcecode.c.objc; path = EmptyState.m; sourceTree = "<group>"; };
		54FF24D81AF2E6A100C4E67E /* LoadingState.h */ = {isa = PBXFileReference; fileEncoding = 4; lastKnownFileType = sourcecode.c.h; path = LoadingState.h; sourceTree = "<group>"; };
		54FF24D91AF2E6A100C4E67E /* LoadingState.m */ = {isa = PBXFileReference; fileEncoding = 4; lastKnownFileType = sourcecode.c.objc; path = LoadingState.m; sourceTree = "<group>"; };
		54FF24DB1AF2FA6A00C4E67E /* PopulatedState.h */ = {isa = PBXFileReference; fileEncoding = 4; lastKnownFileType = sourcecode.c.h; path = PopulatedState.h; sourceTree = "<group>"; };
		54FF24DC1AF2FA6A00C4E67E /* PopulatedState.m */ = {isa = PBXFileReference; fileEncoding = 4; lastKnownFileType = sourcecode.c.objc; path = PopulatedState.m; sourceTree = "<group>"; };
		54FF24DE1AF2FF1000C4E67E /* ComicData.h */ = {isa = PBXFileReference; fileEncoding = 4; lastKnownFileType = sourcecode.c.h; path = ComicData.h; sourceTree = "<group>"; };
		54FF24DF1AF2FF1000C4E67E /* ComicData.m */ = {isa = PBXFileReference; fileEncoding = 4; lastKnownFileType = sourcecode.c.objc; path = ComicData.m; sourceTree = "<group>"; };
		54FF24E11AF2FF5E00C4E67E /* civilwarData.json */ = {isa = PBXFileReference; fileEncoding = 4; lastKnownFileType = text.json; path = civilwarData.json; sourceTree = "<group>"; };
		54FF24E31AF3F93D00C4E67E /* ComicViewController.h */ = {isa = PBXFileReference; fileEncoding = 4; lastKnownFileType = sourcecode.c.h; path = ComicViewController.h; sourceTree = "<group>"; };
		54FF24E41AF3F93D00C4E67E /* ComicViewController.m */ = {isa = PBXFileReference; fileEncoding = 4; lastKnownFileType = sourcecode.c.objc; path = ComicViewController.m; sourceTree = "<group>"; };
/* End PBXFileReference section */

/* Begin PBXFrameworksBuildPhase section */
		54FF249F1AF2DFDD00C4E67E /* Frameworks */ = {
			isa = PBXFrameworksBuildPhase;
			buildActionMask = 2147483647;
			files = (
			);
			runOnlyForDeploymentPostprocessing = 0;
		};
		54FF24B81AF2DFDD00C4E67E /* Frameworks */ = {
			isa = PBXFrameworksBuildPhase;
			buildActionMask = 2147483647;
			files = (
			);
			runOnlyForDeploymentPostprocessing = 0;
		};
/* End PBXFrameworksBuildPhase section */

/* Begin PBXGroup section */
		54FF24991AF2DFDD00C4E67E = {
			isa = PBXGroup;
			children = (
				54FF24CB1AF2E00300C4E67E /* Classes */,
				54FF24A41AF2DFDD00C4E67E /* StatefulTableViewDemo */,
				54FF24BE1AF2DFDD00C4E67E /* StatefulTableViewDemoTests */,
				54FF24A31AF2DFDD00C4E67E /* Products */,
			);
			sourceTree = "<group>";
		};
		54FF24A31AF2DFDD00C4E67E /* Products */ = {
			isa = PBXGroup;
			children = (
				54FF24A21AF2DFDD00C4E67E /* StatefulTableViewDemo.app */,
				54FF24BB1AF2DFDD00C4E67E /* StatefulTableViewDemoTests.xctest */,
			);
			name = Products;
			sourceTree = "<group>";
		};
		54FF24A41AF2DFDD00C4E67E /* StatefulTableViewDemo */ = {
			isa = PBXGroup;
			children = (
				54FF24A91AF2DFDD00C4E67E /* AppDelegate.h */,
				54FF24AA1AF2DFDD00C4E67E /* AppDelegate.m */,
				54FF24D21AF2E2AD00C4E67E /* StateDemoTableViewController.h */,
				54FF24D31AF2E2AD00C4E67E /* StateDemoTableViewController.m */,
				54FF24D51AF2E43D00C4E67E /* EmptyState.h */,
				54FF24D61AF2E43D00C4E67E /* EmptyState.m */,
				54FF24D81AF2E6A100C4E67E /* LoadingState.h */,
				54FF24D91AF2E6A100C4E67E /* LoadingState.m */,
				54FF24DB1AF2FA6A00C4E67E /* PopulatedState.h */,
				54FF24DC1AF2FA6A00C4E67E /* PopulatedState.m */,
				54FF24E31AF3F93D00C4E67E /* ComicViewController.h */,
				54FF24E41AF3F93D00C4E67E /* ComicViewController.m */,
				54FF24DE1AF2FF1000C4E67E /* ComicData.h */,
				54FF24DF1AF2FF1000C4E67E /* ComicData.m */,
				54FF24E11AF2FF5E00C4E67E /* civilwarData.json */,
				54FF24AF1AF2DFDD00C4E67E /* Main.storyboard */,
				54FF24B21AF2DFDD00C4E67E /* Images.xcassets */,
				54FF24B41AF2DFDD00C4E67E /* LaunchScreen.xib */,
				54FF24A51AF2DFDD00C4E67E /* Supporting Files */,
			);
			path = StatefulTableViewDemo;
			sourceTree = "<group>";
		};
		54FF24A51AF2DFDD00C4E67E /* Supporting Files */ = {
			isa = PBXGroup;
			children = (
				54FF24A61AF2DFDD00C4E67E /* Info.plist */,
				54FF24A71AF2DFDD00C4E67E /* main.m */,
			);
			name = "Supporting Files";
			sourceTree = "<group>";
		};
		54FF24BE1AF2DFDD00C4E67E /* StatefulTableViewDemoTests */ = {
			isa = PBXGroup;
			children = (
				54FF24C11AF2DFDD00C4E67E /* StatefulTableViewDemoTests.m */,
				54FF24BF1AF2DFDD00C4E67E /* Supporting Files */,
			);
			path = StatefulTableViewDemoTests;
			sourceTree = "<group>";
		};
		54FF24BF1AF2DFDD00C4E67E /* Supporting Files */ = {
			isa = PBXGroup;
			children = (
				54FF24C01AF2DFDD00C4E67E /* Info.plist */,
			);
			name = "Supporting Files";
			sourceTree = "<group>";
		};
		54FF24CB1AF2E00300C4E67E /* Classes */ = {
			isa = PBXGroup;
			children = (
				54FF24CC1AF2E03C00C4E67E /* RBStatefulTableViewController.h */,
				54FF24CD1AF2E03C00C4E67E /* RBStatefulTableViewController.m */,
				54FF24CF1AF2E07900C4E67E /* RBTableViewState.h */,
				54FF24D01AF2E07900C4E67E /* RBTableViewState.m */,
			);
			path = Classes;
			sourceTree = "<group>";
		};
/* End PBXGroup section */

/* Begin PBXNativeTarget section */
		54FF24A11AF2DFDD00C4E67E /* StatefulTableViewDemo */ = {
			isa = PBXNativeTarget;
			buildConfigurationList = 54FF24C51AF2DFDD00C4E67E /* Build configuration list for PBXNativeTarget "StatefulTableViewDemo" */;
			buildPhases = (
				54FF249E1AF2DFDD00C4E67E /* Sources */,
				54FF249F1AF2DFDD00C4E67E /* Frameworks */,
				54FF24A01AF2DFDD00C4E67E /* Resources */,
			);
			buildRules = (
			);
			dependencies = (
			);
			name = StatefulTableViewDemo;
			productName = StatefulTableViewDemo;
			productReference = 54FF24A21AF2DFDD00C4E67E /* StatefulTableViewDemo.app */;
			productType = "com.apple.product-type.application";
		};
		54FF24BA1AF2DFDD00C4E67E /* StatefulTableViewDemoTests */ = {
			isa = PBXNativeTarget;
			buildConfigurationList = 54FF24C81AF2DFDD00C4E67E /* Build configuration list for PBXNativeTarget "StatefulTableViewDemoTests" */;
			buildPhases = (
				54FF24B71AF2DFDD00C4E67E /* Sources */,
				54FF24B81AF2DFDD00C4E67E /* Frameworks */,
				54FF24B91AF2DFDD00C4E67E /* Resources */,
			);
			buildRules = (
			);
			dependencies = (
				54FF24BD1AF2DFDD00C4E67E /* PBXTargetDependency */,
			);
			name = StatefulTableViewDemoTests;
			productName = StatefulTableViewDemoTests;
			productReference = 54FF24BB1AF2DFDD00C4E67E /* StatefulTableViewDemoTests.xctest */;
			productType = "com.apple.product-type.bundle.unit-test";
		};
/* End PBXNativeTarget section */

/* Begin PBXProject section */
		54FF249A1AF2DFDD00C4E67E /* Project object */ = {
			isa = PBXProject;
			attributes = {
				LastUpgradeCheck = 0630;
				ORGANIZATIONNAME = "Rob Booth";
				TargetAttributes = {
					54FF24A11AF2DFDD00C4E67E = {
						CreatedOnToolsVersion = 6.3.1;
					};
					54FF24BA1AF2DFDD00C4E67E = {
						CreatedOnToolsVersion = 6.3.1;
						TestTargetID = 54FF24A11AF2DFDD00C4E67E;
					};
				};
			};
			buildConfigurationList = 54FF249D1AF2DFDD00C4E67E /* Build configuration list for PBXProject "StatefulTableViewDemo" */;
			compatibilityVersion = "Xcode 3.2";
			developmentRegion = English;
			hasScannedForEncodings = 0;
			knownRegions = (
				en,
				Base,
			);
			mainGroup = 54FF24991AF2DFDD00C4E67E;
			productRefGroup = 54FF24A31AF2DFDD00C4E67E /* Products */;
			projectDirPath = "";
			projectRoot = "";
			targets = (
				54FF24A11AF2DFDD00C4E67E /* StatefulTableViewDemo */,
				54FF24BA1AF2DFDD00C4E67E /* StatefulTableViewDemoTests */,
			);
		};
/* End PBXProject section */

/* Begin PBXResourcesBuildPhase section */
		54FF24A01AF2DFDD00C4E67E /* Resources */ = {
			isa = PBXResourcesBuildPhase;
			buildActionMask = 2147483647;
			files = (
				54FF24E21AF2FF5E00C4E67E /* civilwarData.json in Resources */,
				54FF24B11AF2DFDD00C4E67E /* Main.storyboard in Resources */,
				54FF24B61AF2DFDD00C4E67E /* LaunchScreen.xib in Resources */,
				54FF24B31AF2DFDD00C4E67E /* Images.xcassets in Resources */,
			);
			runOnlyForDeploymentPostprocessing = 0;
		};
		54FF24B91AF2DFDD00C4E67E /* Resources */ = {
			isa = PBXResourcesBuildPhase;
			buildActionMask = 2147483647;
			files = (
			);
			runOnlyForDeploymentPostprocessing = 0;
		};
/* End PBXResourcesBuildPhase section */

/* Begin PBXSourcesBuildPhase section */
		54FF249E1AF2DFDD00C4E67E /* Sources */ = {
			isa = PBXSourcesBuildPhase;
			buildActionMask = 2147483647;
			files = (
				54FF24E51AF3F93D00C4E67E /* ComicViewController.m in Sources */,
				54FF24D41AF2E2AD00C4E67E /* StateDemoTableViewController.m in Sources */,
				54FF24CE1AF2E03C00C4E67E /* RBStatefulTableViewController.m in Sources */,
				54FF24DD1AF2FA6A00C4E67E /* PopulatedState.m in Sources */,
				54FF24D11AF2E07900C4E67E /* RBTableViewState.m in Sources */,
				54FF24E01AF2FF1000C4E67E /* ComicData.m in Sources */,
				54FF24AB1AF2DFDD00C4E67E /* AppDelegate.m in Sources */,
				54FF24A81AF2DFDD00C4E67E /* main.m in Sources */,
				54FF24D71AF2E43D00C4E67E /* EmptyState.m in Sources */,
				54FF24DA1AF2E6A100C4E67E /* LoadingState.m in Sources */,
			);
			runOnlyForDeploymentPostprocessing = 0;
		};
		54FF24B71AF2DFDD00C4E67E /* Sources */ = {
			isa = PBXSourcesBuildPhase;
			buildActionMask = 2147483647;
			files = (
				54FF24C21AF2DFDD00C4E67E /* StatefulTableViewDemoTests.m in Sources */,
			);
			runOnlyForDeploymentPostprocessing = 0;
		};
/* End PBXSourcesBuildPhase section */

/* Begin PBXTargetDependency section */
		54FF24BD1AF2DFDD00C4E67E /* PBXTargetDependency */ = {
			isa = PBXTargetDependency;
			target = 54FF24A11AF2DFDD00C4E67E /* StatefulTableViewDemo */;
			targetProxy = 54FF24BC1AF2DFDD00C4E67E /* PBXContainerItemProxy */;
		};
/* End PBXTargetDependency section */

/* Begin PBXVariantGroup section */
		54FF24AF1AF2DFDD00C4E67E /* Main.storyboard */ = {
			isa = PBXVariantGroup;
			children = (
				54FF24B01AF2DFDD00C4E67E /* Base */,
			);
			name = Main.storyboard;
			sourceTree = "<group>";
		};
		54FF24B41AF2DFDD00C4E67E /* LaunchScreen.xib */ = {
			isa = PBXVariantGroup;
			children = (
				54FF24B51AF2DFDD00C4E67E /* Base */,
			);
			name = LaunchScreen.xib;
			sourceTree = "<group>";
		};
/* End PBXVariantGroup section */

/* Begin XCBuildConfiguration section */
		54FF24C31AF2DFDD00C4E67E /* Debug */ = {
			isa = XCBuildConfiguration;
			buildSettings = {
				ALWAYS_SEARCH_USER_PATHS = NO;
				CLANG_CXX_LANGUAGE_STANDARD = "gnu++0x";
				CLANG_CXX_LIBRARY = "libc++";
				CLANG_ENABLE_MODULES = YES;
				CLANG_ENABLE_OBJC_ARC = YES;
				CLANG_WARN_BOOL_CONVERSION = YES;
				CLANG_WARN_CONSTANT_CONVERSION = YES;
				CLANG_WARN_DIRECT_OBJC_ISA_USAGE = YES_ERROR;
				CLANG_WARN_EMPTY_BODY = YES;
				CLANG_WARN_ENUM_CONVERSION = YES;
				CLANG_WARN_INT_CONVERSION = YES;
				CLANG_WARN_OBJC_ROOT_CLASS = YES_ERROR;
				CLANG_WARN_UNREACHABLE_CODE = YES;
				CLANG_WARN__DUPLICATE_METHOD_MATCH = YES;
				"CODE_SIGN_IDENTITY[sdk=iphoneos*]" = "iPhone Developer";
				COPY_PHASE_STRIP = NO;
				DEBUG_INFORMATION_FORMAT = "dwarf-with-dsym";
				ENABLE_STRICT_OBJC_MSGSEND = YES;
				GCC_C_LANGUAGE_STANDARD = gnu99;
				GCC_DYNAMIC_NO_PIC = NO;
				GCC_NO_COMMON_BLOCKS = YES;
				GCC_OPTIMIZATION_LEVEL = 0;
				GCC_PREPROCESSOR_DEFINITIONS = (
					"DEBUG=1",
					"$(inherited)",
				);
				GCC_SYMBOLS_PRIVATE_EXTERN = NO;
				GCC_WARN_64_TO_32_BIT_CONVERSION = YES;
				GCC_WARN_ABOUT_RETURN_TYPE = YES_ERROR;
				GCC_WARN_UNDECLARED_SELECTOR = YES;
				GCC_WARN_UNINITIALIZED_AUTOS = YES_AGGRESSIVE;
				GCC_WARN_UNUSED_FUNCTION = YES;
				GCC_WARN_UNUSED_VARIABLE = YES;
				IPHONEOS_DEPLOYMENT_TARGET = 8.3;
				MTL_ENABLE_DEBUG_INFO = YES;
				ONLY_ACTIVE_ARCH = YES;
				SDKROOT = iphoneos;
				TARGETED_DEVICE_FAMILY = "1,2";
			};
			name = Debug;
		};
		54FF24C41AF2DFDD00C4E67E /* Release */ = {
			isa = XCBuildConfiguration;
			buildSettings = {
				ALWAYS_SEARCH_USER_PATHS = NO;
				CLANG_CXX_LANGUAGE_STANDARD = "gnu++0x";
				CLANG_CXX_LIBRARY = "libc++";
				CLANG_ENABLE_MODULES = YES;
				CLANG_ENABLE_OBJC_ARC = YES;
				CLANG_WARN_BOOL_CONVERSION = YES;
				CLANG_WARN_CONSTANT_CONVERSION = YES;
				CLANG_WARN_DIRECT_OBJC_ISA_USAGE = YES_ERROR;
				CLANG_WARN_EMPTY_BODY = YES;
				CLANG_WARN_ENUM_CONVERSION = YES;
				CLANG_WARN_INT_CONVERSION = YES;
				CLANG_WARN_OBJC_ROOT_CLASS = YES_ERROR;
				CLANG_WARN_UNREACHABLE_CODE = YES;
				CLANG_WARN__DUPLICATE_METHOD_MATCH = YES;
				"CODE_SIGN_IDENTITY[sdk=iphoneos*]" = "iPhone Developer";
				COPY_PHASE_STRIP = NO;
				DEBUG_INFORMATION_FORMAT = "dwarf-with-dsym";
				ENABLE_NS_ASSERTIONS = NO;
				ENABLE_STRICT_OBJC_MSGSEND = YES;
				GCC_C_LANGUAGE_STANDARD = gnu99;
				GCC_NO_COMMON_BLOCKS = YES;
				GCC_WARN_64_TO_32_BIT_CONVERSION = YES;
				GCC_WARN_ABOUT_RETURN_TYPE = YES_ERROR;
				GCC_WARN_UNDECLARED_SELECTOR = YES;
				GCC_WARN_UNINITIALIZED_AUTOS = YES_AGGRESSIVE;
				GCC_WARN_UNUSED_FUNCTION = YES;
				GCC_WARN_UNUSED_VARIABLE = YES;
				IPHONEOS_DEPLOYMENT_TARGET = 8.3;
				MTL_ENABLE_DEBUG_INFO = NO;
				SDKROOT = iphoneos;
				TARGETED_DEVICE_FAMILY = "1,2";
				VALIDATE_PRODUCT = YES;
			};
			name = Release;
		};
		54FF24C61AF2DFDD00C4E67E /* Debug */ = {
			isa = XCBuildConfiguration;
			buildSettings = {
				ASSETCATALOG_COMPILER_APPICON_NAME = AppIcon;
				INFOPLIST_FILE = StatefulTableViewDemo/Info.plist;
				LD_RUNPATH_SEARCH_PATHS = "$(inherited) @executable_path/Frameworks";
				PRODUCT_NAME = "$(TARGET_NAME)";
			};
			name = Debug;
		};
		54FF24C71AF2DFDD00C4E67E /* Release */ = {
			isa = XCBuildConfiguration;
			buildSettings = {
				ASSETCATALOG_COMPILER_APPICON_NAME = AppIcon;
				INFOPLIST_FILE = StatefulTableViewDemo/Info.plist;
				LD_RUNPATH_SEARCH_PATHS = "$(inherited) @executable_path/Frameworks";
				PRODUCT_NAME = "$(TARGET_NAME)";
			};
			name = Release;
		};
		54FF24C91AF2DFDD00C4E67E /* Debug */ = {
			isa = XCBuildConfiguration;
			buildSettings = {
				BUNDLE_LOADER = "$(TEST_HOST)";
				FRAMEWORK_SEARCH_PATHS = (
					"$(SDKROOT)/Developer/Library/Frameworks",
					"$(inherited)",
				);
				GCC_PREPROCESSOR_DEFINITIONS = (
					"DEBUG=1",
					"$(inherited)",
				);
				INFOPLIST_FILE = StatefulTableViewDemoTests/Info.plist;
				LD_RUNPATH_SEARCH_PATHS = "$(inherited) @executable_path/Frameworks @loader_path/Frameworks";
				PRODUCT_NAME = "$(TARGET_NAME)";
				TEST_HOST = "$(BUILT_PRODUCTS_DIR)/StatefulTableViewDemo.app/StatefulTableViewDemo";
			};
			name = Debug;
		};
		54FF24CA1AF2DFDD00C4E67E /* Release */ = {
			isa = XCBuildConfiguration;
			buildSettings = {
				BUNDLE_LOADER = "$(TEST_HOST)";
				FRAMEWORK_SEARCH_PATHS = (
					"$(SDKROOT)/Developer/Library/Frameworks",
					"$(inherited)",
				);
				INFOPLIST_FILE = StatefulTableViewDemoTests/Info.plist;
				LD_RUNPATH_SEARCH_PATHS = "$(inherited) @executable_path/Frameworks @loader_path/Frameworks";
				PRODUCT_NAME = "$(TARGET_NAME)";
				TEST_HOST = "$(BUILT_PRODUCTS_DIR)/StatefulTableViewDemo.app/StatefulTableViewDemo";
			};
			name = Release;
		};
/* End XCBuildConfiguration section */

/* Begin XCConfigurationList section */
		54FF249D1AF2DFDD00C4E67E /* Build configuration list for PBXProject "StatefulTableViewDemo" */ = {
			isa = XCConfigurationList;
			buildConfigurations = (
				54FF24C31AF2DFDD00C4E67E /* Debug */,
				54FF24C41AF2DFDD00C4E67E /* Release */,
			);
			defaultConfigurationIsVisible = 0;
			defaultConfigurationName = Release;
		};
		54FF24C51AF2DFDD00C4E67E /* Build configuration list for PBXNativeTarget "StatefulTableViewDemo" */ = {
			isa = XCConfigurationList;
			buildConfigurations = (
				54FF24C61AF2DFDD00C4E67E /* Debug */,
				54FF24C71AF2DFDD00C4E67E /* Release */,
			);
			defaultConfigurationIsVisible = 0;
			defaultConfigurationName = Release;
		};
		54FF24C81AF2DFDD00C4E67E /* Build configuration list for PBXNativeTarget "StatefulTableViewDemoTests" */ = {
			isa = XCConfigurationList;
			buildConfigurations = (
				54FF24C91AF2DFDD00C4E67E /* Debug */,
				54FF24CA1AF2DFDD00C4E67E /* Release */,
			);
			defaultConfigurationIsVisible = 0;
			defaultConfigurationName = Release;
		};
/* End XCConfigurationList section */
	};
	rootObject = 54FF249A1AF2DFDD00C4E67E /* Project object */;
}
